schema: '2.0'
stages:
  fetch-eurovoc:
    cmd: python scripts/fetch_eurovoc.py
    deps:
    - path: scripts/fetch_eurovoc.py
      hash: md5
      md5: 64cd23d72abf4e4550ffd390350ac860
      size: 10663
    outs:
    - path: data/eurovoc_labels.csv
      hash: md5
      md5: 1f14c43c522c689337a2a8e2993777e7
      size: 3684
